
Microsoft Visual Studio Solution File, Format Version 12.00
# Visual Studio 2013
VisualStudioVersion = 12.0.21005.1
MinimumVisualStudioVersion = 10.0.40219.1
Project("{FAE04EC0-301F-11D3-BF4B-00C04F79EFBC}") = "Phan_Mem_Quan_Ly_Cam_Do", "Phan_Mem_Quan_Ly_Cam_Do\Phan_Mem_Quan_Ly_Cam_Do.csproj", "{B52712CA-0E48-4653-A185-B3C3724A6498}"
EndProject
Global
	GlobalSection(SolutionConfigurationPlatforms) = preSolution
		CD_ROM|Any CPU = CD_ROM|Any CPU
		Debug|Any CPU = Debug|Any CPU
		DVD-5|Any CPU = DVD-5|Any CPU
		Release|Any CPU = Release|Any CPU
		SingleImage|Any CPU = SingleImage|Any CPU
	EndGlobalSection
	GlobalSection(ProjectConfigurationPlatforms) = postSolution
		{B52712CA-0E48-4653-A185-B3C3724A6498}.CD_ROM|Any CPU.ActiveCfg = Release|Any CPU
		{B52712CA-0E48-4653-A185-B3C3724A6498}.CD_ROM|Any CPU.Build.0 = Release|Any CPU
		{B52712CA-0E48-4653-A185-B3C3724A6498}.Debug|Any CPU.ActiveCfg = Debug|Any CPU
		{B52712CA-0E48-4653-A185-B3C3724A6498}.Debug|Any CPU.Build.0 = Debug|Any CPU
		{B52712CA-0E48-4653-A185-B3C3724A6498}.DVD-5|Any CPU.ActiveCfg = Debug|Any CPU
		{B52712CA-0E48-4653-A185-B3C3724A6498}.DVD-5|Any CPU.Build.0 = Debug|Any CPU
		{B52712CA-0E48-4653-A185-B3C3724A6498}.Release|Any CPU.ActiveCfg = Release|Any CPU
		{B52712CA-0E48-4653-A185-B3C3724A6498}.Release|Any CPU.Build.0 = Release|Any CPU
		{B52712CA-0E48-4653-A185-B3C3724A6498}.SingleImage|Any CPU.ActiveCfg = Release|Any CPU
		{B52712CA-0E48-4653-A185-B3C3724A6498}.SingleImage|Any CPU.Build.0 = Release|Any CPU
	EndGlobalSection
	GlobalSection(SolutionProperties) = preSolution
		HideSolutionNode = FALSE
	EndGlobalSection
EndGlobal
